
Microsoft Visual Studio Solution File, Format Version 12.00
# Visual Studio Version 17
VisualStudioVersion = 17.5.33502.453
MinimumVisualStudioVersion = 10.0.40219.1
Project("{FAE04EC0-301F-11D3-BF4B-00C04F79EFBC}") = "DiscBot", "DiscBot\DiscBot.csproj", "{0AA91119-F95E-475C-83BF-765DFA45499E}"
EndProject
Global
	GlobalSection(SolutionConfigurationPlatforms) = preSolution
		Debug|Any CPU = Debug|Any CPU
		Release|Any CPU = Release|Any CPU
	EndGlobalSection
	GlobalSection(ProjectConfigurationPlatforms) = postSolution
		{0AA91119-F95E-475C-83BF-765DFA45499E}.Debug|Any CPU.ActiveCfg = Debug|Any CPU
		{0AA91119-F95E-475C-83BF-765DFA45499E}.Debug|Any CPU.Build.0 = Debug|Any CPU
		{0AA91119-F95E-475C-83BF-765DFA45499E}.Release|Any CPU.ActiveCfg = Release|Any CPU
		{0AA91119-F95E-475C-83BF-765DFA45499E}.Release|Any CPU.Build.0 = Release|Any CPU
	EndGlobalSection
	GlobalSection(SolutionProperties) = preSolution
		HideSolutionNode = FALSE
	EndGlobalSection
	GlobalSection(ExtensibilityGlobals) = postSolution
		SolutionGuid = {9A52BBB0-2BAB-47E7-866D-9E0B3DE2884C}
	EndGlobalSection
EndGlobal
